<?xml version="1.0" encoding="utf-8"?>
<Project ToolsVersion="4.0" xmlns="http://schemas.microsoft.com/developer/msbuild/2003">
  <ItemGroup>
    <Filter Include="Managers">
      <UniqueIdentifier>{B34CFEBD-9F19-59C9-C832-4771B45E8E57}</UniqueIdentifier>
    </Filter>
    <Filter Include="Networking">
      <UniqueIdentifier>{6D615D47-5919-9F94-C220-78F0AEF73985}</UniqueIdentifier>
    </Filter>
    <Filter Include="OpenCV">
      <UniqueIdentifier>{10864AC8-FC27-759E-E5E2-88F2D123FCEE}</UniqueIdentifier>
    </Filter>
    <Filter Include="Player">
      <UniqueIdentifier>{724E55CA-5EF0-7FA0-47AB-93F433EC06F1}</UniqueIdentifier>
    </Filter>
    <Filter Include="Shaders">
      <UniqueIdentifier>{EFAC8DF2-5B8C-0C8E-64A4-9764D00273EF}</UniqueIdentifier>
    </Filter>
  </ItemGroup>
  <ItemGroup>
    <ClInclude Include="Canvas.h" />
    <ClInclude Include="CanvasPS.h" />
    <ClInclude Include="Game.pch.h" />
    <ClInclude Include="LookAtCamera.h" />
    <ClInclude Include="Managers\GameManager.h">
      <Filter>Managers</Filter>
    </ClInclude>
    <ClInclude Include="Managers\NetMessageHandler.h">
      <Filter>Managers</Filter>
    </ClInclude>
    <ClInclude Include="NetworkComponent.h" />
    <ClInclude Include="NetworkGameManager.h" />
    <ClInclude Include="Networking\NetworkGameCommands.h">
      <Filter>Networking</Filter>
    </ClInclude>
    <ClInclude Include="OpenCV\GenData.h">
      <Filter>OpenCV</Filter>
    </ClInclude>
    <ClInclude Include="Paintbrush.h" />
    <ClInclude Include="Player\PlayerCamera.h">
      <Filter>Player</Filter>
    </ClInclude>
    <ClInclude Include="Player\PlayerController.h">
      <Filter>Player</Filter>
    </ClInclude>
    <ClInclude Include="Project.h" />
    <ClInclude Include="PaintingScene.h" />
    <ClInclude Include="GameScene.h" />
    <ClInclude Include="BrushActions.h" />
    <ClInclude Include="DayNightCycle.h" />
    <ClInclude Include="Bomb.h" />
    <ClInclude Include="BrushSymbol.h" />
  </ItemGroup>
  <ItemGroup>
    <ClCompile Include="Canvas.cpp" />
    <ClCompile Include="CanvasPS.cpp" />
    <ClCompile Include="Game.pch.cpp" />
    <ClCompile Include="LookAtCamera.cpp" />
    <ClCompile Include="Managers\GameManager.cpp">
      <Filter>Managers</Filter>
    </ClCompile>
    <ClCompile Include="Managers\NetMessageHandler.cpp">
      <Filter>Managers</Filter>
    </ClCompile>
    <ClCompile Include="NetworkComponent.cpp" />
    <ClCompile Include="NetworkGameManager.cpp" />
    <ClCompile Include="OpenCV\GenData.cpp">
      <Filter>OpenCV</Filter>
    </ClCompile>
    <ClCompile Include="Paintbrush.cpp" />
    <ClCompile Include="Player\PlayerCamera.cpp">
      <Filter>Player</Filter>
    </ClCompile>
    <ClCompile Include="Player\PlayerController.cpp">
      <Filter>Player</Filter>
    </ClCompile>
    <ClCompile Include="Project.cpp" />
    <ClCompile Include="PaintingScene.cpp" />
    <ClCompile Include="GameScene.cpp" />
    <ClCompile Include="BrushActions.cpp" />
    <ClCompile Include="DayNightCycle.cpp" />
    <ClCompile Include="Bomb.cpp" />
  </ItemGroup>
  <ItemGroup>
    <FxCompile Include="Shaders\CanvasPS.hlsl">
      <Filter>Shaders</Filter>
    </FxCompile>
    <FxCompile Include="Shaders\ScreenCanvasPS.hlsl">
      <Filter>Shaders</Filter>
    </FxCompile>
  </ItemGroup>
</Project>